PODS:
  - Alamofire (5.4.1)
  - SwiftLint (0.43.1)

DEPENDENCIES:
  - Alamofire
  - SwiftLint

SPEC REPOS:
  trunk:
    - Alamofire
    - SwiftLint

SPEC CHECKSUMS:
  Alamofire: 2291f7d21ca607c491dd17642e5d40fdcda0e65c
  SwiftLint: 99f82d07b837b942dd563c668de129a03fc3fb52

PODFILE CHECKSUM: 8a5b9fdd4d93ed23c0a7261d1384710afff6f78d

COCOAPODS: 1.9.1
